
Microsoft Visual Studio Solution File, Format Version 12.00
# Visual Studio Version 17
VisualStudioVersion = 17.0.31903.59
MinimumVisualStudioVersion = 10.0.40219.1
Project("{2150E333-8FDC-42A3-9474-1A3956D46DE8}") = "samples", "samples", "{AF1039A2-AA3B-4C4C-B61F-DD8DB04F7082}"
EndProject
Project("{2150E333-8FDC-42A3-9474-1A3956D46DE8}") = "SampleDataApi", "SampleDataApi", "{44A09817-3ADE-4876-8D12-494F90BE072B}"
EndProject
Project("{9A19103F-16F7-4668-BE54-9A1E7A4F7556}") = "SampleApi", "samples\SampleApi\SampleApi.csproj", "{086AC1D0-9766-4624-856D-8E8FF72594F6}"
EndProject
Project("{2150E333-8FDC-42A3-9474-1A3956D46DE8}") = "src", "src", "{8674E2FB-6BA6-4CCA-ABEA-C687A9A8445F}"
EndProject
Project("{FAE04EC0-301F-11D3-BF4B-00C04F79EFBC}") = "Cabazure.Kusto", "src\Cabazure.Kusto\Cabazure.Kusto.csproj", "{ACDE752B-3989-49C4-B05B-301FD7F14E64}"
EndProject
Global
	GlobalSection(SolutionConfigurationPlatforms) = preSolution
		Debug|Any CPU = Debug|Any CPU
		Release|Any CPU = Release|Any CPU
	EndGlobalSection
	GlobalSection(ProjectConfigurationPlatforms) = postSolution
		{086AC1D0-9766-4624-856D-8E8FF72594F6}.Debug|Any CPU.ActiveCfg = Debug|Any CPU
		{086AC1D0-9766-4624-856D-8E8FF72594F6}.Debug|Any CPU.Build.0 = Debug|Any CPU
		{086AC1D0-9766-4624-856D-8E8FF72594F6}.Release|Any CPU.ActiveCfg = Release|Any CPU
		{086AC1D0-9766-4624-856D-8E8FF72594F6}.Release|Any CPU.Build.0 = Release|Any CPU
		{ACDE752B-3989-49C4-B05B-301FD7F14E64}.Debug|Any CPU.ActiveCfg = Debug|Any CPU
		{ACDE752B-3989-49C4-B05B-301FD7F14E64}.Debug|Any CPU.Build.0 = Debug|Any CPU
		{ACDE752B-3989-49C4-B05B-301FD7F14E64}.Release|Any CPU.ActiveCfg = Release|Any CPU
		{ACDE752B-3989-49C4-B05B-301FD7F14E64}.Release|Any CPU.Build.0 = Release|Any CPU
	EndGlobalSection
	GlobalSection(SolutionProperties) = preSolution
		HideSolutionNode = FALSE
	EndGlobalSection
	GlobalSection(NestedProjects) = preSolution
		{44A09817-3ADE-4876-8D12-494F90BE072B} = {AF1039A2-AA3B-4C4C-B61F-DD8DB04F7082}
		{086AC1D0-9766-4624-856D-8E8FF72594F6} = {44A09817-3ADE-4876-8D12-494F90BE072B}
		{ACDE752B-3989-49C4-B05B-301FD7F14E64} = {8674E2FB-6BA6-4CCA-ABEA-C687A9A8445F}
	EndGlobalSection
	GlobalSection(ExtensibilityGlobals) = postSolution
		SolutionGuid = {BA76E902-4A52-4DC8-A8C7-C995A4EEBF36}
	EndGlobalSection
EndGlobal
